
Microsoft Visual Studio Solution File, Format Version 12.00
# Visual Studio 15
VisualStudioVersion = 15.0.28307.489
MinimumVisualStudioVersion = 10.0.40219.1
Project("{FAE04EC0-301F-11D3-BF4B-00C04F79EFBC}") = "Emprunts", "Emprunts\Emprunts.csproj", "{4D87EBE6-8E28-4FC6-8843-E6E5B4FFE543}"
	ProjectSection(ProjectDependencies) = postProject
		{9B1DB437-D865-46B6-81E7-FAFF4018ED0D} = {9B1DB437-D865-46B6-81E7-FAFF4018ED0D}
	EndProjectSection
EndProject
Project("{9A19103F-16F7-4668-BE54-9A1E7A4F7556}") = "ClassLibraryEmprunt", "ClassLibraryEmprunt\ClassLibraryEmprunt.csproj", "{9B1DB437-D865-46B6-81E7-FAFF4018ED0D}"
EndProject
Project("{9A19103F-16F7-4668-BE54-9A1E7A4F7556}") = "ClassLibraryValidation", "ClassLibraryValidation\ClassLibraryValidation.csproj", "{1D13DBA5-7786-46B2-A3E3-3794116999E1}"
EndProject
Project("{FAE04EC0-301F-11D3-BF4B-00C04F79EFBC}") = "ConsoleApp1", "ConsoleApp1\ConsoleApp1.csproj", "{753C8E73-C6BE-460D-9436-56F11AD028D2}"
EndProject
Global
	GlobalSection(SolutionConfigurationPlatforms) = preSolution
		Debug|Any CPU = Debug|Any CPU
		Release|Any CPU = Release|Any CPU
	EndGlobalSection
	GlobalSection(ProjectConfigurationPlatforms) = postSolution
		{4D87EBE6-8E28-4FC6-8843-E6E5B4FFE543}.Debug|Any CPU.ActiveCfg = Debug|Any CPU
		{4D87EBE6-8E28-4FC6-8843-E6E5B4FFE543}.Debug|Any CPU.Build.0 = Debug|Any CPU
		{4D87EBE6-8E28-4FC6-8843-E6E5B4FFE543}.Release|Any CPU.ActiveCfg = Release|Any CPU
		{4D87EBE6-8E28-4FC6-8843-E6E5B4FFE543}.Release|Any CPU.Build.0 = Release|Any CPU
		{9B1DB437-D865-46B6-81E7-FAFF4018ED0D}.Debug|Any CPU.ActiveCfg = Debug|Any CPU
		{9B1DB437-D865-46B6-81E7-FAFF4018ED0D}.Debug|Any CPU.Build.0 = Debug|Any CPU
		{9B1DB437-D865-46B6-81E7-FAFF4018ED0D}.Release|Any CPU.ActiveCfg = Release|Any CPU
		{9B1DB437-D865-46B6-81E7-FAFF4018ED0D}.Release|Any CPU.Build.0 = Release|Any CPU
		{1D13DBA5-7786-46B2-A3E3-3794116999E1}.Debug|Any CPU.ActiveCfg = Debug|Any CPU
		{1D13DBA5-7786-46B2-A3E3-3794116999E1}.Debug|Any CPU.Build.0 = Debug|Any CPU
		{1D13DBA5-7786-46B2-A3E3-3794116999E1}.Release|Any CPU.ActiveCfg = Release|Any CPU
		{1D13DBA5-7786-46B2-A3E3-3794116999E1}.Release|Any CPU.Build.0 = Release|Any CPU
		{753C8E73-C6BE-460D-9436-56F11AD028D2}.Debug|Any CPU.ActiveCfg = Debug|Any CPU
		{753C8E73-C6BE-460D-9436-56F11AD028D2}.Debug|Any CPU.Build.0 = Debug|Any CPU
		{753C8E73-C6BE-460D-9436-56F11AD028D2}.Release|Any CPU.ActiveCfg = Release|Any CPU
		{753C8E73-C6BE-460D-9436-56F11AD028D2}.Release|Any CPU.Build.0 = Release|Any CPU
	EndGlobalSection
	GlobalSection(SolutionProperties) = preSolution
		HideSolutionNode = FALSE
	EndGlobalSection
	GlobalSection(ExtensibilityGlobals) = postSolution
		SolutionGuid = {473CE2EE-325F-498F-9347-555E56872671}
	EndGlobalSection
EndGlobal
